
Microsoft Visual Studio Solution File, Format Version 12.00
# Visual Studio Version 17
VisualStudioVersion = 17.5.33516.290
MinimumVisualStudioVersion = 10.0.40219.1
Project("{9A19103F-16F7-4668-BE54-9A1E7A4F7556}") = "FoundationCore.Web", "FoundationCore.Web.csproj", "{77002233-C7A1-453A-8ECB-5DF1215A6EA2}"
EndProject
Project("{9A19103F-16F7-4668-BE54-9A1E7A4F7556}") = "AdvancedTaskManager", "..\..\src\AdvancedTaskManager\AdvancedTaskManager.csproj", "{6DC0E2A5-5DDC-4426-8A25-C9168A186591}"
EndProject
Global
	GlobalSection(SolutionConfigurationPlatforms) = preSolution
		Debug|Any CPU = Debug|Any CPU
		Release|Any CPU = Release|Any CPU
	EndGlobalSection
	GlobalSection(ProjectConfigurationPlatforms) = postSolution
		{77002233-C7A1-453A-8ECB-5DF1215A6EA2}.Debug|Any CPU.ActiveCfg = Debug|Any CPU
		{77002233-C7A1-453A-8ECB-5DF1215A6EA2}.Debug|Any CPU.Build.0 = Debug|Any CPU
		{77002233-C7A1-453A-8ECB-5DF1215A6EA2}.Release|Any CPU.ActiveCfg = Release|Any CPU
		{77002233-C7A1-453A-8ECB-5DF1215A6EA2}.Release|Any CPU.Build.0 = Release|Any CPU
		{6DC0E2A5-5DDC-4426-8A25-C9168A186591}.Debug|Any CPU.ActiveCfg = Debug|Any CPU
		{6DC0E2A5-5DDC-4426-8A25-C9168A186591}.Debug|Any CPU.Build.0 = Debug|Any CPU
		{6DC0E2A5-5DDC-4426-8A25-C9168A186591}.Release|Any CPU.ActiveCfg = Release|Any CPU
		{6DC0E2A5-5DDC-4426-8A25-C9168A186591}.Release|Any CPU.Build.0 = Release|Any CPU
	EndGlobalSection
	GlobalSection(SolutionProperties) = preSolution
		HideSolutionNode = FALSE
	EndGlobalSection
	GlobalSection(ExtensibilityGlobals) = postSolution
		SolutionGuid = {B7471A9B-A033-422F-8A6D-B95DB447D8F5}
	EndGlobalSection
EndGlobal
