
Microsoft Visual Studio Solution File, Format Version 12.00
# Visual Studio Version 17
VisualStudioVersion = 17.5.33516.290
MinimumVisualStudioVersion = 10.0.40219.1
Project("{9A19103F-16F7-4668-BE54-9A1E7A4F7556}") = "Alloy", "Alloy.csproj", "{1AD3B55C-A0CA-47E3-9D32-4EB05503BA0B}"
EndProject
Project("{9A19103F-16F7-4668-BE54-9A1E7A4F7556}") = "Advanced.Task.Manager", "..\..\src\Advanced.Task.Manager\Advanced.Task.Manager.csproj", "{4580139A-C35A-4CF4-BC91-AB69C1D5880F}"
EndProject
Global
	GlobalSection(SolutionConfigurationPlatforms) = preSolution
		Debug|Any CPU = Debug|Any CPU
		Release|Any CPU = Release|Any CPU
	EndGlobalSection
	GlobalSection(ProjectConfigurationPlatforms) = postSolution
		{1AD3B55C-A0CA-47E3-9D32-4EB05503BA0B}.Debug|Any CPU.ActiveCfg = Debug|Any CPU
		{1AD3B55C-A0CA-47E3-9D32-4EB05503BA0B}.Debug|Any CPU.Build.0 = Debug|Any CPU
		{1AD3B55C-A0CA-47E3-9D32-4EB05503BA0B}.Release|Any CPU.ActiveCfg = Release|Any CPU
		{1AD3B55C-A0CA-47E3-9D32-4EB05503BA0B}.Release|Any CPU.Build.0 = Release|Any CPU
		{4580139A-C35A-4CF4-BC91-AB69C1D5880F}.Debug|Any CPU.ActiveCfg = Debug|Any CPU
		{4580139A-C35A-4CF4-BC91-AB69C1D5880F}.Debug|Any CPU.Build.0 = Debug|Any CPU
		{4580139A-C35A-4CF4-BC91-AB69C1D5880F}.Release|Any CPU.ActiveCfg = Release|Any CPU
		{4580139A-C35A-4CF4-BC91-AB69C1D5880F}.Release|Any CPU.Build.0 = Release|Any CPU
	EndGlobalSection
	GlobalSection(SolutionProperties) = preSolution
		HideSolutionNode = FALSE
	EndGlobalSection
	GlobalSection(ExtensibilityGlobals) = postSolution
		SolutionGuid = {D29B9C84-5154-4099-9985-1F60328F1E2E}
	EndGlobalSection
EndGlobal
